
Microsoft Visual Studio Solution File, Format Version 12.00
# Visual Studio Version 17
VisualStudioVersion = 17.1.32210.238
MinimumVisualStudioVersion = 10.0.40219.1
Project("{FAE04EC0-301F-11D3-BF4B-00C04F79EFBC}") = "tpmodul3_1302204105", "tpmodul3_1302204105\tpmodul3_1302204105.csproj", "{EABD99CB-D35B-49FB-A01D-2B0C53EF794B}"
EndProject
Global
	GlobalSection(SolutionConfigurationPlatforms) = preSolution
		Debug|Any CPU = Debug|Any CPU
		Release|Any CPU = Release|Any CPU
	EndGlobalSection
	GlobalSection(ProjectConfigurationPlatforms) = postSolution
		{EABD99CB-D35B-49FB-A01D-2B0C53EF794B}.Debug|Any CPU.ActiveCfg = Debug|Any CPU
		{EABD99CB-D35B-49FB-A01D-2B0C53EF794B}.Debug|Any CPU.Build.0 = Debug|Any CPU
		{EABD99CB-D35B-49FB-A01D-2B0C53EF794B}.Release|Any CPU.ActiveCfg = Release|Any CPU
		{EABD99CB-D35B-49FB-A01D-2B0C53EF794B}.Release|Any CPU.Build.0 = Release|Any CPU
	EndGlobalSection
	GlobalSection(SolutionProperties) = preSolution
		HideSolutionNode = FALSE
	EndGlobalSection
	GlobalSection(ExtensibilityGlobals) = postSolution
		SolutionGuid = {F5CCD6E0-C108-4834-A035-CA84EA1A9AA3}
	EndGlobalSection
EndGlobal
